// !$*UTF8*$!
{
	archiveVersion = 1;
	classes = {
	};
	objectVersion = 51;
	objects = {

/* Begin PBXBuildFile section */
		04580F8C379A9C5E796CE1F2 /* Pods_ioasys_challenge.framework in Frameworks */ = {isa = PBXBuildFile; fileRef = E65FDA937353031F877CF1EC /* Pods_ioasys_challenge.framework */; };
		9072BA3DE0348DD7477C8658 /* Pods_ioasys_challengeTests.framework in Frameworks */ = {isa = PBXBuildFile; fileRef = 77201F4F28D07C919B2B23F2 /* Pods_ioasys_challengeTests.framework */; };
		C00C18BE23F750C300C13B6B /* CompaniesViewController.swift in Sources */ = {isa = PBXBuildFile; fileRef = C00C18BD23F750C300C13B6B /* CompaniesViewController.swift */; };
		C00C18C023F750CE00C13B6B /* Companies.storyboard in Resources */ = {isa = PBXBuildFile; fileRef = C00C18BF23F750CE00C13B6B /* Companies.storyboard */; };
		C00C18C223F750D900C13B6B /* CompaniesViewModel.swift in Sources */ = {isa = PBXBuildFile; fileRef = C00C18C123F750D900C13B6B /* CompaniesViewModel.swift */; };
		C00C18C923F7A68800C13B6B /* CompanyCell.xib in Resources */ = {isa = PBXBuildFile; fileRef = C00C18C823F7A68800C13B6B /* CompanyCell.xib */; };
		C00C18CB23F7A69900C13B6B /* CompanyCell.swift in Sources */ = {isa = PBXBuildFile; fileRef = C00C18CA23F7A69900C13B6B /* CompanyCell.swift */; };
		C00C18CE23F7ABB300C13B6B /* CompanyViewController.swift in Sources */ = {isa = PBXBuildFile; fileRef = C00C18CD23F7ABB300C13B6B /* CompanyViewController.swift */; };
		C00C18D023F7ABBD00C13B6B /* Company.storyboard in Resources */ = {isa = PBXBuildFile; fileRef = C00C18CF23F7ABBD00C13B6B /* Company.storyboard */; };
		C0532C2A23F705FA002D59A3 /* AppDelegate.swift in Sources */ = {isa = PBXBuildFile; fileRef = C0532C2923F705FA002D59A3 /* AppDelegate.swift */; };
		C0532C2C23F705FA002D59A3 /* SceneDelegate.swift in Sources */ = {isa = PBXBuildFile; fileRef = C0532C2B23F705FA002D59A3 /* SceneDelegate.swift */; };
		C0532C3323F705FD002D59A3 /* Assets.xcassets in Resources */ = {isa = PBXBuildFile; fileRef = C0532C3223F705FD002D59A3 /* Assets.xcassets */; };
		C0532C4C23F705FE002D59A3 /* ioasys_challengeUITests.swift in Sources */ = {isa = PBXBuildFile; fileRef = C0532C4B23F705FE002D59A3 /* ioasys_challengeUITests.swift */; };
		C0532C6323F7259F002D59A3 /* LoginViewController.swift in Sources */ = {isa = PBXBuildFile; fileRef = C0532C6223F7259F002D59A3 /* LoginViewController.swift */; };
		C0532C6623F725B9002D59A3 /* Login.storyboard in Resources */ = {isa = PBXBuildFile; fileRef = C0532C6523F725B9002D59A3 /* Login.storyboard */; };
		C0532C6823F725CE002D59A3 /* LoginViewModel.swift in Sources */ = {isa = PBXBuildFile; fileRef = C0532C6723F725CE002D59A3 /* LoginViewModel.swift */; };
		C0532C6B23F7359C002D59A3 /* User.swift in Sources */ = {isa = PBXBuildFile; fileRef = C0532C6A23F7359C002D59A3 /* User.swift */; };
		C0FE08B423F8690800D9024D /* AppAuth.swift in Sources */ = {isa = PBXBuildFile; fileRef = C0FE08B323F8690800D9024D /* AppAuth.swift */; };
		C0FE08D223F89D2F00D9024D /* Network.swift in Sources */ = {isa = PBXBuildFile; fileRef = C0FE08D023F89D2F00D9024D /* Network.swift */; };
		C0FE08D323F89D2F00D9024D /* Router.swift in Sources */ = {isa = PBXBuildFile; fileRef = C0FE08D123F89D2F00D9024D /* Router.swift */; };
		C0FE08D823F9B26C00D9024D /* ViewControllerExt.swift in Sources */ = {isa = PBXBuildFile; fileRef = C0FE08D723F9B26C00D9024D /* ViewControllerExt.swift */; };
		C0FE08DA23FAEDB200D9024D /* Company.swift in Sources */ = {isa = PBXBuildFile; fileRef = C0FE08D923FAEDB200D9024D /* Company.swift */; };
		C0FE08E523FB178300D9024D /* UserTests.swift in Sources */ = {isa = PBXBuildFile; fileRef = C0FE08E423FB178300D9024D /* UserTests.swift */; };
		DEB7ED9F19B8DB3DDEDC2044 /* Pods_ioasys_challengeUITests.framework in Frameworks */ = {isa = PBXBuildFile; fileRef = 15D966FB77E374B1905601AB /* Pods_ioasys_challengeUITests.framework */; };
/* End PBXBuildFile section */

/* Begin PBXContainerItemProxy section */
		C0532C3D23F705FD002D59A3 /* PBXContainerItemProxy */ = {
			isa = PBXContainerItemProxy;
			containerPortal = C0532C1E23F705FA002D59A3 /* Project object */;
			proxyType = 1;
			remoteGlobalIDString = C0532C2523F705FA002D59A3;
			remoteInfo = "ioasys-challenge";
		};
		C0532C4823F705FE002D59A3 /* PBXContainerItemProxy */ = {
			isa = PBXContainerItemProxy;
			containerPortal = C0532C1E23F705FA002D59A3 /* Project object */;
			proxyType = 1;
			remoteGlobalIDString = C0532C2523F705FA002D59A3;
			remoteInfo = "ioasys-challenge";
		};
/* End PBXContainerItemProxy section */

/* Begin PBXFileReference section */
		15D966FB77E374B1905601AB /* Pods_ioasys_challengeUITests.framework */ = {isa = PBXFileReference; explicitFileType = wrapper.framework; includeInIndex = 0; path = Pods_ioasys_challengeUITests.framework; sourceTree = BUILT_PRODUCTS_DIR; };
		2CF81EBD6ACA1881175230DA /* Pods-ioasys-challengeUITests.debug.xcconfig */ = {isa = PBXFileReference; includeInIndex = 1; lastKnownFileType = text.xcconfig; name = "Pods-ioasys-challengeUITests.debug.xcconfig"; path = "Target Support Files/Pods-ioasys-challengeUITests/Pods-ioasys-challengeUITests.debug.xcconfig"; sourceTree = "<group>"; };
		383C1052CE99D9F25925614E /* Pods-ioasys-challengeUITests.release.xcconfig */ = {isa = PBXFileReference; includeInIndex = 1; lastKnownFileType = text.xcconfig; name = "Pods-ioasys-challengeUITests.release.xcconfig"; path = "Target Support Files/Pods-ioasys-challengeUITests/Pods-ioasys-challengeUITests.release.xcconfig"; sourceTree = "<group>"; };
		5A65CA9FF6022104D6EE11F7 /* Pods-ioasys-challenge.release.xcconfig */ = {isa = PBXFileReference; includeInIndex = 1; lastKnownFileType = text.xcconfig; name = "Pods-ioasys-challenge.release.xcconfig"; path = "Target Support Files/Pods-ioasys-challenge/Pods-ioasys-challenge.release.xcconfig"; sourceTree = "<group>"; };
		77201F4F28D07C919B2B23F2 /* Pods_ioasys_challengeTests.framework */ = {isa = PBXFileReference; explicitFileType = wrapper.framework; includeInIndex = 0; path = Pods_ioasys_challengeTests.framework; sourceTree = BUILT_PRODUCTS_DIR; };
		AB29183209FEFD7F37D2413D /* Pods-ioasys-challenge.debug.xcconfig */ = {isa = PBXFileReference; includeInIndex = 1; lastKnownFileType = text.xcconfig; name = "Pods-ioasys-challenge.debug.xcconfig"; path = "Target Support Files/Pods-ioasys-challenge/Pods-ioasys-challenge.debug.xcconfig"; sourceTree = "<group>"; };
		C00C18BD23F750C300C13B6B /* CompaniesViewController.swift */ = {isa = PBXFileReference; lastKnownFileType = sourcecode.swift; path = CompaniesViewController.swift; sourceTree = "<group>"; };
		C00C18BF23F750CE00C13B6B /* Companies.storyboard */ = {isa = PBXFileReference; lastKnownFileType = file.storyboard; path = Companies.storyboard; sourceTree = "<group>"; };
		C00C18C123F750D900C13B6B /* CompaniesViewModel.swift */ = {isa = PBXFileReference; lastKnownFileType = sourcecode.swift; path = CompaniesViewModel.swift; sourceTree = "<group>"; };
		C00C18C823F7A68800C13B6B /* CompanyCell.xib */ = {isa = PBXFileReference; lastKnownFileType = file.xib; path = CompanyCell.xib; sourceTree = "<group>"; };
		C00C18CA23F7A69900C13B6B /* CompanyCell.swift */ = {isa = PBXFileReference; lastKnownFileType = sourcecode.swift; path = CompanyCell.swift; sourceTree = "<group>"; };
		C00C18CD23F7ABB300C13B6B /* CompanyViewController.swift */ = {isa = PBXFileReference; lastKnownFileType = sourcecode.swift; path = CompanyViewController.swift; sourceTree = "<group>"; };
		C00C18CF23F7ABBD00C13B6B /* Company.storyboard */ = {isa = PBXFileReference; lastKnownFileType = file.storyboard; path = Company.storyboard; sourceTree = "<group>"; };
		C0532C2623F705FA002D59A3 /* ioasys-challenge.app */ = {isa = PBXFileReference; explicitFileType = wrapper.application; includeInIndex = 0; path = "ioasys-challenge.app"; sourceTree = BUILT_PRODUCTS_DIR; };
		C0532C2923F705FA002D59A3 /* AppDelegate.swift */ = {isa = PBXFileReference; lastKnownFileType = sourcecode.swift; path = AppDelegate.swift; sourceTree = "<group>"; };
		C0532C2B23F705FA002D59A3 /* SceneDelegate.swift */ = {isa = PBXFileReference; lastKnownFileType = sourcecode.swift; path = SceneDelegate.swift; sourceTree = "<group>"; };
		C0532C3223F705FD002D59A3 /* Assets.xcassets */ = {isa = PBXFileReference; lastKnownFileType = folder.assetcatalog; path = Assets.xcassets; sourceTree = "<group>"; };
		C0532C3723F705FD002D59A3 /* Info.plist */ = {isa = PBXFileReference; lastKnownFileType = text.plist.xml; path = Info.plist; sourceTree = "<group>"; };
		C0532C3C23F705FD002D59A3 /* ioasys-challengeTests.xctest */ = {isa = PBXFileReference; explicitFileType = wrapper.cfbundle; includeInIndex = 0; path = "ioasys-challengeTests.xctest"; sourceTree = BUILT_PRODUCTS_DIR; };
		C0532C4223F705FD002D59A3 /* Info.plist */ = {isa = PBXFileReference; lastKnownFileType = text.plist.xml; path = Info.plist; sourceTree = "<group>"; };
		C0532C4723F705FE002D59A3 /* ioasys-challengeUITests.xctest */ = {isa = PBXFileReference; explicitFileType = wrapper.cfbundle; includeInIndex = 0; path = "ioasys-challengeUITests.xctest"; sourceTree = BUILT_PRODUCTS_DIR; };
		C0532C4B23F705FE002D59A3 /* ioasys_challengeUITests.swift */ = {isa = PBXFileReference; lastKnownFileType = sourcecode.swift; path = ioasys_challengeUITests.swift; sourceTree = "<group>"; };
		C0532C4D23F705FE002D59A3 /* Info.plist */ = {isa = PBXFileReference; lastKnownFileType = text.plist.xml; path = Info.plist; sourceTree = "<group>"; };
		C0532C6223F7259F002D59A3 /* LoginViewController.swift */ = {isa = PBXFileReference; lastKnownFileType = sourcecode.swift; path = LoginViewController.swift; sourceTree = "<group>"; };
		C0532C6523F725B9002D59A3 /* Login.storyboard */ = {isa = PBXFileReference; lastKnownFileType = file.storyboard; path = Login.storyboard; sourceTree = "<group>"; };
		C0532C6723F725CE002D59A3 /* LoginViewModel.swift */ = {isa = PBXFileReference; lastKnownFileType = sourcecode.swift; path = LoginViewModel.swift; sourceTree = "<group>"; };
		C0532C6A23F7359C002D59A3 /* User.swift */ = {isa = PBXFileReference; lastKnownFileType = sourcecode.swift; path = User.swift; sourceTree = "<group>"; };
		C0FE08B323F8690800D9024D /* AppAuth.swift */ = {isa = PBXFileReference; lastKnownFileType = sourcecode.swift; path = AppAuth.swift; sourceTree = "<group>"; };
		C0FE08D023F89D2F00D9024D /* Network.swift */ = {isa = PBXFileReference; fileEncoding = 4; lastKnownFileType = sourcecode.swift; path = Network.swift; sourceTree = "<group>"; };
		C0FE08D123F89D2F00D9024D /* Router.swift */ = {isa = PBXFileReference; fileEncoding = 4; lastKnownFileType = sourcecode.swift; path = Router.swift; sourceTree = "<group>"; };
		C0FE08D723F9B26C00D9024D /* ViewControllerExt.swift */ = {isa = PBXFileReference; lastKnownFileType = sourcecode.swift; path = ViewControllerExt.swift; sourceTree = "<group>"; };
		C0FE08D923FAEDB200D9024D /* Company.swift */ = {isa = PBXFileReference; lastKnownFileType = sourcecode.swift; path = Company.swift; sourceTree = "<group>"; };
		C0FE08E423FB178300D9024D /* UserTests.swift */ = {isa = PBXFileReference; lastKnownFileType = sourcecode.swift; path = UserTests.swift; sourceTree = "<group>"; };
		D897469708DC0988330FEE3A /* Pods-ioasys-challengeTests.debug.xcconfig */ = {isa = PBXFileReference; includeInIndex = 1; lastKnownFileType = text.xcconfig; name = "Pods-ioasys-challengeTests.debug.xcconfig"; path = "Target Support Files/Pods-ioasys-challengeTests/Pods-ioasys-challengeTests.debug.xcconfig"; sourceTree = "<group>"; };
		D8C6E78E2FC5ADFBE3C6265A /* Pods-ioasys-challengeTests.release.xcconfig */ = {isa = PBXFileReference; includeInIndex = 1; lastKnownFileType = text.xcconfig; name = "Pods-ioasys-challengeTests.release.xcconfig"; path = "Target Support Files/Pods-ioasys-challengeTests/Pods-ioasys-challengeTests.release.xcconfig"; sourceTree = "<group>"; };
		E65FDA937353031F877CF1EC /* Pods_ioasys_challenge.framework */ = {isa = PBXFileReference; explicitFileType = wrapper.framework; includeInIndex = 0; path = Pods_ioasys_challenge.framework; sourceTree = BUILT_PRODUCTS_DIR; };
/* End PBXFileReference section */

/* Begin PBXFrameworksBuildPhase section */
		C0532C2323F705FA002D59A3 /* Frameworks */ = {
			isa = PBXFrameworksBuildPhase;
			buildActionMask = 2147483647;
			files = (
				04580F8C379A9C5E796CE1F2 /* Pods_ioasys_challenge.framework in Frameworks */,
			);
			runOnlyForDeploymentPostprocessing = 0;
		};
		C0532C3923F705FD002D59A3 /* Frameworks */ = {
			isa = PBXFrameworksBuildPhase;
			buildActionMask = 2147483647;
			files = (
				9072BA3DE0348DD7477C8658 /* Pods_ioasys_challengeTests.framework in Frameworks */,
			);
			runOnlyForDeploymentPostprocessing = 0;
		};
		C0532C4423F705FE002D59A3 /* Frameworks */ = {
			isa = PBXFrameworksBuildPhase;
			buildActionMask = 2147483647;
			files = (
				DEB7ED9F19B8DB3DDEDC2044 /* Pods_ioasys_challengeUITests.framework in Frameworks */,
			);
			runOnlyForDeploymentPostprocessing = 0;
		};
/* End PBXFrameworksBuildPhase section */

/* Begin PBXGroup section */
		94D4DF73081D4BACE66F6BEC /* Frameworks */ = {
			isa = PBXGroup;
			children = (
				E65FDA937353031F877CF1EC /* Pods_ioasys_challenge.framework */,
				77201F4F28D07C919B2B23F2 /* Pods_ioasys_challengeTests.framework */,
				15D966FB77E374B1905601AB /* Pods_ioasys_challengeUITests.framework */,
			);
			name = Frameworks;
			sourceTree = "<group>";
		};
		C00C18BC23F750A900C13B6B /* Companies */ = {
			isa = PBXGroup;
			children = (
				C00C18BD23F750C300C13B6B /* CompaniesViewController.swift */,
				C00C18BF23F750CE00C13B6B /* Companies.storyboard */,
				C00C18C123F750D900C13B6B /* CompaniesViewModel.swift */,
			);
			path = Companies;
			sourceTree = "<group>";
		};
		C00C18C323F75F7300C13B6B /* Components */ = {
			isa = PBXGroup;
			children = (
				C00C18C823F7A68800C13B6B /* CompanyCell.xib */,
				C00C18CA23F7A69900C13B6B /* CompanyCell.swift */,
			);
			path = Components;
			sourceTree = "<group>";
		};
		C00C18CC23F7AB9B00C13B6B /* Company */ = {
			isa = PBXGroup;
			children = (
				C00C18CD23F7ABB300C13B6B /* CompanyViewController.swift */,
				C00C18CF23F7ABBD00C13B6B /* Company.storyboard */,
			);
			path = Company;
			sourceTree = "<group>";
		};
		C00C18D323F7C7B600C13B6B /* App */ = {
			isa = PBXGroup;
			children = (
				C0532C2923F705FA002D59A3 /* AppDelegate.swift */,
				C0532C2B23F705FA002D59A3 /* SceneDelegate.swift */,
				C0FE08B323F8690800D9024D /* AppAuth.swift */,
			);
			path = App;
			sourceTree = "<group>";
		};
		C0532C1D23F705FA002D59A3 = {
			isa = PBXGroup;
			children = (
				C0532C2823F705FA002D59A3 /* ioasys-challenge */,
				C0532C3F23F705FD002D59A3 /* ioasys-challengeTests */,
				C0532C4A23F705FE002D59A3 /* ioasys-challengeUITests */,
				C0532C2723F705FA002D59A3 /* Products */,
				F9FF5C7916CA6C1A3E886F4D /* Pods */,
				94D4DF73081D4BACE66F6BEC /* Frameworks */,
			);
			sourceTree = "<group>";
		};
		C0532C2723F705FA002D59A3 /* Products */ = {
			isa = PBXGroup;
			children = (
				C0532C2623F705FA002D59A3 /* ioasys-challenge.app */,
				C0532C3C23F705FD002D59A3 /* ioasys-challengeTests.xctest */,
				C0532C4723F705FE002D59A3 /* ioasys-challengeUITests.xctest */,
			);
			name = Products;
			sourceTree = "<group>";
		};
		C0532C2823F705FA002D59A3 /* ioasys-challenge */ = {
			isa = PBXGroup;
			children = (
				C00C18D323F7C7B600C13B6B /* App */,
				C00C18C323F75F7300C13B6B /* Components */,
				C0532C5B23F70699002D59A3 /* Helpers */,
				C0532C5A23F70690002D59A3 /* Modules */,
				C0532C5923F7068B002D59A3 /* Models */,
				C0532C3223F705FD002D59A3 /* Assets.xcassets */,
				C0532C3723F705FD002D59A3 /* Info.plist */,
			);
			path = "ioasys-challenge";
			sourceTree = "<group>";
		};
		C0532C3F23F705FD002D59A3 /* ioasys-challengeTests */ = {
			isa = PBXGroup;
			children = (
				C0FE08E323FB16DC00D9024D /* Models */,
				C0532C4223F705FD002D59A3 /* Info.plist */,
			);
			path = "ioasys-challengeTests";
			sourceTree = "<group>";
		};
		C0532C4A23F705FE002D59A3 /* ioasys-challengeUITests */ = {
			isa = PBXGroup;
			children = (
				C0532C4B23F705FE002D59A3 /* ioasys_challengeUITests.swift */,
				C0532C4D23F705FE002D59A3 /* Info.plist */,
			);
			path = "ioasys-challengeUITests";
			sourceTree = "<group>";
		};
		C0532C5923F7068B002D59A3 /* Models */ = {
			isa = PBXGroup;
			children = (
				C0532C6A23F7359C002D59A3 /* User.swift */,
				C0FE08D923FAEDB200D9024D /* Company.swift */,
			);
			path = Models;
			sourceTree = "<group>";
		};
		C0532C5A23F70690002D59A3 /* Modules */ = {
			isa = PBXGroup;
			children = (
				C00C18CC23F7AB9B00C13B6B /* Company */,
				C00C18BC23F750A900C13B6B /* Companies */,
				C0532C6423F725A6002D59A3 /* Login */,
			);
			path = Modules;
			sourceTree = "<group>";
		};
		C0532C5B23F70699002D59A3 /* Helpers */ = {
			isa = PBXGroup;
			children = (
				C0FE08D623F9B25800D9024D /* Extensions */,
				C0FE08B523F8797B00D9024D /* Network */,
			);
			path = Helpers;
			sourceTree = "<group>";
		};
		C0532C6423F725A6002D59A3 /* Login */ = {
			isa = PBXGroup;
			children = (
				C0532C6223F7259F002D59A3 /* LoginViewController.swift */,
				C0532C6523F725B9002D59A3 /* Login.storyboard */,
				C0532C6723F725CE002D59A3 /* LoginViewModel.swift */,
			);
			path = Login;
			sourceTree = "<group>";
		};
		C0FE08B523F8797B00D9024D /* Network */ = {
			isa = PBXGroup;
			children = (
				C0FE08D023F89D2F00D9024D /* Network.swift */,
				C0FE08D123F89D2F00D9024D /* Router.swift */,
			);
			path = Network;
			sourceTree = "<group>";
		};
		C0FE08D623F9B25800D9024D /* Extensions */ = {
			isa = PBXGroup;
			children = (
				C0FE08D723F9B26C00D9024D /* ViewControllerExt.swift */,
			);
			path = Extensions;
			sourceTree = "<group>";
		};
		C0FE08E323FB16DC00D9024D /* Models */ = {
			isa = PBXGroup;
			children = (
				C0FE08E423FB178300D9024D /* UserTests.swift */,
			);
			path = Models;
			sourceTree = "<group>";
		};
		F9FF5C7916CA6C1A3E886F4D /* Pods */ = {
			isa = PBXGroup;
			children = (
				AB29183209FEFD7F37D2413D /* Pods-ioasys-challenge.debug.xcconfig */,
				5A65CA9FF6022104D6EE11F7 /* Pods-ioasys-challenge.release.xcconfig */,
				D897469708DC0988330FEE3A /* Pods-ioasys-challengeTests.debug.xcconfig */,
				D8C6E78E2FC5ADFBE3C6265A /* Pods-ioasys-challengeTests.release.xcconfig */,
				2CF81EBD6ACA1881175230DA /* Pods-ioasys-challengeUITests.debug.xcconfig */,
				383C1052CE99D9F25925614E /* Pods-ioasys-challengeUITests.release.xcconfig */,
			);
			path = Pods;
			sourceTree = "<group>";
		};
/* End PBXGroup section */

/* Begin PBXNativeTarget section */
		C0532C2523F705FA002D59A3 /* ioasys-challenge */ = {
			isa = PBXNativeTarget;
			buildConfigurationList = C0532C5023F705FE002D59A3 /* Build configuration list for PBXNativeTarget "ioasys-challenge" */;
			buildPhases = (
				66C812312E17C6B2B3EC98B9 /* [CP] Check Pods Manifest.lock */,
				C0532C2223F705FA002D59A3 /* Sources */,
				C0532C2323F705FA002D59A3 /* Frameworks */,
				C0532C2423F705FA002D59A3 /* Resources */,
				0E199335D15428DB83A55A19 /* [CP] Embed Pods Frameworks */,
			);
			buildRules = (
			);
			dependencies = (
			);
			name = "ioasys-challenge";
			productName = "ioasys-challenge";
			productReference = C0532C2623F705FA002D59A3 /* ioasys-challenge.app */;
			productType = "com.apple.product-type.application";
		};
		C0532C3B23F705FD002D59A3 /* ioasys-challengeTests */ = {
			isa = PBXNativeTarget;
			buildConfigurationList = C0532C5323F705FE002D59A3 /* Build configuration list for PBXNativeTarget "ioasys-challengeTests" */;
			buildPhases = (
				A3C8832E60B9CE88C063D30D /* [CP] Check Pods Manifest.lock */,
				C0532C3823F705FD002D59A3 /* Sources */,
				C0532C3923F705FD002D59A3 /* Frameworks */,
				C0532C3A23F705FD002D59A3 /* Resources */,
			);
			buildRules = (
			);
			dependencies = (
				C0532C3E23F705FD002D59A3 /* PBXTargetDependency */,
			);
			name = "ioasys-challengeTests";
			productName = "ioasys-challengeTests";
			productReference = C0532C3C23F705FD002D59A3 /* ioasys-challengeTests.xctest */;
			productType = "com.apple.product-type.bundle.unit-test";
		};
		C0532C4623F705FE002D59A3 /* ioasys-challengeUITests */ = {
			isa = PBXNativeTarget;
			buildConfigurationList = C0532C5623F705FE002D59A3 /* Build configuration list for PBXNativeTarget "ioasys-challengeUITests" */;
			buildPhases = (
				3A15A4CB14BE3FA027680264 /* [CP] Check Pods Manifest.lock */,
				C0532C4323F705FE002D59A3 /* Sources */,
				C0532C4423F705FE002D59A3 /* Frameworks */,
				C0532C4523F705FE002D59A3 /* Resources */,
			);
			buildRules = (
			);
			dependencies = (
				C0532C4923F705FE002D59A3 /* PBXTargetDependency */,
			);
			name = "ioasys-challengeUITests";
			productName = "ioasys-challengeUITests";
			productReference = C0532C4723F705FE002D59A3 /* ioasys-challengeUITests.xctest */;
			productType = "com.apple.product-type.bundle.ui-testing";
		};
/* End PBXNativeTarget section */

/* Begin PBXProject section */
		C0532C1E23F705FA002D59A3 /* Project object */ = {
			isa = PBXProject;
			attributes = {
				LastSwiftUpdateCheck = 1120;
				LastUpgradeCheck = 1120;
				ORGANIZATIONNAME = Gabriel;
				TargetAttributes = {
					C0532C2523F705FA002D59A3 = {
						CreatedOnToolsVersion = 11.2;
					};
					C0532C3B23F705FD002D59A3 = {
						CreatedOnToolsVersion = 11.2;
						TestTargetID = C0532C2523F705FA002D59A3;
					};
					C0532C4623F705FE002D59A3 = {
						CreatedOnToolsVersion = 11.2;
						TestTargetID = C0532C2523F705FA002D59A3;
					};
				};
			};
			buildConfigurationList = C0532C2123F705FA002D59A3 /* Build configuration list for PBXProject "ioasys-challenge" */;
			compatibilityVersion = "Xcode 9.3";
			developmentRegion = en;
			hasScannedForEncodings = 0;
			knownRegions = (
				en,
				Base,
			);
			mainGroup = C0532C1D23F705FA002D59A3;
			productRefGroup = C0532C2723F705FA002D59A3 /* Products */;
			projectDirPath = "";
			projectRoot = "";
			targets = (
				C0532C2523F705FA002D59A3 /* ioasys-challenge */,
				C0532C3B23F705FD002D59A3 /* ioasys-challengeTests */,
				C0532C4623F705FE002D59A3 /* ioasys-challengeUITests */,
			);
		};
/* End PBXProject section */

/* Begin PBXResourcesBuildPhase section */
		C0532C2423F705FA002D59A3 /* Resources */ = {
			isa = PBXResourcesBuildPhase;
			buildActionMask = 2147483647;
			files = (
				C00C18D023F7ABBD00C13B6B /* Company.storyboard in Resources */,
				C00C18C023F750CE00C13B6B /* Companies.storyboard in Resources */,
				C0532C6623F725B9002D59A3 /* Login.storyboard in Resources */,
				C0532C3323F705FD002D59A3 /* Assets.xcassets in Resources */,
				C00C18C923F7A68800C13B6B /* CompanyCell.xib in Resources */,
			);
			runOnlyForDeploymentPostprocessing = 0;
		};
		C0532C3A23F705FD002D59A3 /* Resources */ = {
			isa = PBXResourcesBuildPhase;
			buildActionMask = 2147483647;
			files = (
			);
			runOnlyForDeploymentPostprocessing = 0;
		};
		C0532C4523F705FE002D59A3 /* Resources */ = {
			isa = PBXResourcesBuildPhase;
			buildActionMask = 2147483647;
			files = (
			);
			runOnlyForDeploymentPostprocessing = 0;
		};
/* End PBXResourcesBuildPhase section */

/* Begin PBXShellScriptBuildPhase section */
		0E199335D15428DB83A55A19 /* [CP] Embed Pods Frameworks */ = {
			isa = PBXShellScriptBuildPhase;
			buildActionMask = 2147483647;
			files = (
			);
			inputFileListPaths = (
				"${PODS_ROOT}/Target Support Files/Pods-ioasys-challenge/Pods-ioasys-challenge-frameworks-${CONFIGURATION}-input-files.xcfilelist",
			);
			name = "[CP] Embed Pods Frameworks";
			outputFileListPaths = (
				"${PODS_ROOT}/Target Support Files/Pods-ioasys-challenge/Pods-ioasys-challenge-frameworks-${CONFIGURATION}-output-files.xcfilelist",
			);
			runOnlyForDeploymentPostprocessing = 0;
			shellPath = /bin/sh;
			shellScript = "\"${PODS_ROOT}/Target Support Files/Pods-ioasys-challenge/Pods-ioasys-challenge-frameworks.sh\"\n";
			showEnvVarsInLog = 0;
		};
		3A15A4CB14BE3FA027680264 /* [CP] Check Pods Manifest.lock */ = {
			isa = PBXShellScriptBuildPhase;
			buildActionMask = 2147483647;
			files = (
			);
			inputFileListPaths = (
			);
			inputPaths = (
				"${PODS_PODFILE_DIR_PATH}/Podfile.lock",
				"${PODS_ROOT}/Manifest.lock",
			);
			name = "[CP] Check Pods Manifest.lock";
			outputFileListPaths = (
			);
			outputPaths = (
				"$(DERIVED_FILE_DIR)/Pods-ioasys-challengeUITests-checkManifestLockResult.txt",
			);
			runOnlyForDeploymentPostprocessing = 0;
			shellPath = /bin/sh;
			shellScript = "diff \"${PODS_PODFILE_DIR_PATH}/Podfile.lock\" \"${PODS_ROOT}/Manifest.lock\" > /dev/null\nif [ $? != 0 ] ; then\n    # print error to STDERR\n    echo \"error: The sandbox is not in sync with the Podfile.lock. Run 'pod install' or update your CocoaPods installation.\" >&2\n    exit 1\nfi\n# This output is used by Xcode 'outputs' to avoid re-running this script phase.\necho \"SUCCESS\" > \"${SCRIPT_OUTPUT_FILE_0}\"\n";
			showEnvVarsInLog = 0;
		};
		66C812312E17C6B2B3EC98B9 /* [CP] Check Pods Manifest.lock */ = {
			isa = PBXShellScriptBuildPhase;
			buildActionMask = 2147483647;
			files = (
			);
			inputFileListPaths = (
			);
			inputPaths = (
				"${PODS_PODFILE_DIR_PATH}/Podfile.lock",
				"${PODS_ROOT}/Manifest.lock",
			);
			name = "[CP] Check Pods Manifest.lock";
			outputFileListPaths = (
			);
			outputPaths = (
				"$(DERIVED_FILE_DIR)/Pods-ioasys-challenge-checkManifestLockResult.txt",
			);
			runOnlyForDeploymentPostprocessing = 0;
			shellPath = /bin/sh;
			shellScript = "diff \"${PODS_PODFILE_DIR_PATH}/Podfile.lock\" \"${PODS_ROOT}/Manifest.lock\" > /dev/null\nif [ $? != 0 ] ; then\n    # print error to STDERR\n    echo \"error: The sandbox is not in sync with the Podfile.lock. Run 'pod install' or update your CocoaPods installation.\" >&2\n    exit 1\nfi\n# This output is used by Xcode 'outputs' to avoid re-running this script phase.\necho \"SUCCESS\" > \"${SCRIPT_OUTPUT_FILE_0}\"\n";
			showEnvVarsInLog = 0;
		};
		A3C8832E60B9CE88C063D30D /* [CP] Check Pods Manifest.lock */ = {
			isa = PBXShellScriptBuildPhase;
			buildActionMask = 2147483647;
			files = (
			);
			inputFileListPaths = (
			);
			inputPaths = (
				"${PODS_PODFILE_DIR_PATH}/Podfile.lock",
				"${PODS_ROOT}/Manifest.lock",
			);
			name = "[CP] Check Pods Manifest.lock";
			outputFileListPaths = (
			);
			outputPaths = (
				"$(DERIVED_FILE_DIR)/Pods-ioasys-challengeTests-checkManifestLockResult.txt",
			);
			runOnlyForDeploymentPostprocessing = 0;
			shellPath = /bin/sh;
			shellScript = "diff \"${PODS_PODFILE_DIR_PATH}/Podfile.lock\" \"${PODS_ROOT}/Manifest.lock\" > /dev/null\nif [ $? != 0 ] ; then\n    # print error to STDERR\n    echo \"error: The sandbox is not in sync with the Podfile.lock. Run 'pod install' or update your CocoaPods installation.\" >&2\n    exit 1\nfi\n# This output is used by Xcode 'outputs' to avoid re-running this script phase.\necho \"SUCCESS\" > \"${SCRIPT_OUTPUT_FILE_0}\"\n";
			showEnvVarsInLog = 0;
		};
/* End PBXShellScriptBuildPhase section */

/* Begin PBXSourcesBuildPhase section */
		C0532C2223F705FA002D59A3 /* Sources */ = {
			isa = PBXSourcesBuildPhase;
			buildActionMask = 2147483647;
			files = (
				C0532C6323F7259F002D59A3 /* LoginViewController.swift in Sources */,
				C0532C2A23F705FA002D59A3 /* AppDelegate.swift in Sources */,
				C0FE08B423F8690800D9024D /* AppAuth.swift in Sources */,
				C0FE08D823F9B26C00D9024D /* ViewControllerExt.swift in Sources */,
				C00C18BE23F750C300C13B6B /* CompaniesViewController.swift in Sources */,
				C00C18CB23F7A69900C13B6B /* CompanyCell.swift in Sources */,
				C0532C6823F725CE002D59A3 /* LoginViewModel.swift in Sources */,
				C0532C6B23F7359C002D59A3 /* User.swift in Sources */,
				C0FE08D323F89D2F00D9024D /* Router.swift in Sources */,
				C0FE08D223F89D2F00D9024D /* Network.swift in Sources */,
				C00C18C223F750D900C13B6B /* CompaniesViewModel.swift in Sources */,
				C00C18CE23F7ABB300C13B6B /* CompanyViewController.swift in Sources */,
				C0FE08DA23FAEDB200D9024D /* Company.swift in Sources */,
				C0532C2C23F705FA002D59A3 /* SceneDelegate.swift in Sources */,
			);
			runOnlyForDeploymentPostprocessing = 0;
		};
		C0532C3823F705FD002D59A3 /* Sources */ = {
			isa = PBXSourcesBuildPhase;
			buildActionMask = 2147483647;
			files = (
				C0FE08E523FB178300D9024D /* UserTests.swift in Sources */,
			);
			runOnlyForDeploymentPostprocessing = 0;
		};
		C0532C4323F705FE002D59A3 /* Sources */ = {
			isa = PBXSourcesBuildPhase;
			buildActionMask = 2147483647;
			files = (
				C0532C4C23F705FE002D59A3 /* ioasys_challengeUITests.swift in Sources */,
			);
			runOnlyForDeploymentPostprocessing = 0;
		};
/* End PBXSourcesBuildPhase section */

/* Begin PBXTargetDependency section */
		C0532C3E23F705FD002D59A3 /* PBXTargetDependency */ = {
			isa = PBXTargetDependency;
			target = C0532C2523F705FA002D59A3 /* ioasys-challenge */;
			targetProxy = C0532C3D23F705FD002D59A3 /* PBXContainerItemProxy */;
		};
		C0532C4923F705FE002D59A3 /* PBXTargetDependency */ = {
			isa = PBXTargetDependency;
			target = C0532C2523F705FA002D59A3 /* ioasys-challenge */;
			targetProxy = C0532C4823F705FE002D59A3 /* PBXContainerItemProxy */;
		};
/* End PBXTargetDependency section */

/* Begin XCBuildConfiguration section */
		C0532C4E23F705FE002D59A3 /* Debug */ = {
			isa = XCBuildConfiguration;
			buildSettings = {
				ALWAYS_SEARCH_USER_PATHS = NO;
				CLANG_ANALYZER_NONNULL = YES;
				CLANG_ANALYZER_NUMBER_OBJECT_CONVERSION = YES_AGGRESSIVE;
				CLANG_CXX_LANGUAGE_STANDARD = "gnu++14";
				CLANG_CXX_LIBRARY = "libc++";
				CLANG_ENABLE_MODULES = YES;
				CLANG_ENABLE_OBJC_ARC = YES;
				CLANG_ENABLE_OBJC_WEAK = YES;
				CLANG_WARN_BLOCK_CAPTURE_AUTORELEASING = YES;
				CLANG_WARN_BOOL_CONVERSION = YES;
				CLANG_WARN_COMMA = YES;
				CLANG_WARN_CONSTANT_CONVERSION = YES;
				CLANG_WARN_DEPRECATED_OBJC_IMPLEMENTATIONS = YES;
				CLANG_WARN_DIRECT_OBJC_ISA_USAGE = YES_ERROR;
				CLANG_WARN_DOCUMENTATION_COMMENTS = YES;
				CLANG_WARN_EMPTY_BODY = YES;
				CLANG_WARN_ENUM_CONVERSION = YES;
				CLANG_WARN_INFINITE_RECURSION = YES;
				CLANG_WARN_INT_CONVERSION = YES;
				CLANG_WARN_NON_LITERAL_NULL_CONVERSION = YES;
				CLANG_WARN_OBJC_IMPLICIT_RETAIN_SELF = YES;
				CLANG_WARN_OBJC_LITERAL_CONVERSION = YES;
				CLANG_WARN_OBJC_ROOT_CLASS = YES_ERROR;
				CLANG_WARN_RANGE_LOOP_ANALYSIS = YES;
				CLANG_WARN_STRICT_PROTOTYPES = YES;
				CLANG_WARN_SUSPICIOUS_MOVE = YES;
				CLANG_WARN_UNGUARDED_AVAILABILITY = YES_AGGRESSIVE;
				CLANG_WARN_UNREACHABLE_CODE = YES;
				CLANG_WARN__DUPLICATE_METHOD_MATCH = YES;
				COPY_PHASE_STRIP = NO;
				DEBUG_INFORMATION_FORMAT = dwarf;
				ENABLE_STRICT_OBJC_MSGSEND = YES;
				ENABLE_TESTABILITY = YES;
				GCC_C_LANGUAGE_STANDARD = gnu11;
				GCC_DYNAMIC_NO_PIC = NO;
				GCC_NO_COMMON_BLOCKS = YES;
				GCC_OPTIMIZATION_LEVEL = 0;
				GCC_PREPROCESSOR_DEFINITIONS = (
					"DEBUG=1",
					"$(inherited)",
				);
				GCC_WARN_64_TO_32_BIT_CONVERSION = YES;
				GCC_WARN_ABOUT_RETURN_TYPE = YES_ERROR;
				GCC_WARN_UNDECLARED_SELECTOR = YES;
				GCC_WARN_UNINITIALIZED_AUTOS = YES_AGGRESSIVE;
				GCC_WARN_UNUSED_FUNCTION = YES;
				GCC_WARN_UNUSED_VARIABLE = YES;
				IPHONEOS_DEPLOYMENT_TARGET = 13.2;
				MTL_ENABLE_DEBUG_INFO = INCLUDE_SOURCE;
				MTL_FAST_MATH = YES;
				ONLY_ACTIVE_ARCH = YES;
				SDKROOT = iphoneos;
				SWIFT_ACTIVE_COMPILATION_CONDITIONS = DEBUG;
				SWIFT_OPTIMIZATION_LEVEL = "-Onone";
			};
			name = Debug;
		};
		C0532C4F23F705FE002D59A3 /* Release */ = {
			isa = XCBuildConfiguration;
			buildSettings = {
				ALWAYS_SEARCH_USER_PATHS = NO;
				CLANG_ANALYZER_NONNULL = YES;
				CLANG_ANALYZER_NUMBER_OBJECT_CONVERSION = YES_AGGRESSIVE;
				CLANG_CXX_LANGUAGE_STANDARD = "gnu++14";
				CLANG_CXX_LIBRARY = "libc++";
				CLANG_ENABLE_MODULES = YES;
				CLANG_ENABLE_OBJC_ARC = YES;
				CLANG_ENABLE_OBJC_WEAK = YES;
				CLANG_WARN_BLOCK_CAPTURE_AUTORELEASING = YES;
				CLANG_WARN_BOOL_CONVERSION = YES;
				CLANG_WARN_COMMA = YES;
				CLANG_WARN_CONSTANT_CONVERSION = YES;
				CLANG_WARN_DEPRECATED_OBJC_IMPLEMENTATIONS = YES;
				CLANG_WARN_DIRECT_OBJC_ISA_USAGE = YES_ERROR;
				CLANG_WARN_DOCUMENTATION_COMMENTS = YES;
				CLANG_WARN_EMPTY_BODY = YES;
				CLANG_WARN_ENUM_CONVERSION = YES;
				CLANG_WARN_INFINITE_RECURSION = YES;
				CLANG_WARN_INT_CONVERSION = YES;
				CLANG_WARN_NON_LITERAL_NULL_CONVERSION = YES;
				CLANG_WARN_OBJC_IMPLICIT_RETAIN_SELF = YES;
				CLANG_WARN_OBJC_LITERAL_CONVERSION = YES;
				CLANG_WARN_OBJC_ROOT_CLASS = YES_ERROR;
				CLANG_WARN_RANGE_LOOP_ANALYSIS = YES;
				CLANG_WARN_STRICT_PROTOTYPES = YES;
				CLANG_WARN_SUSPICIOUS_MOVE = YES;
				CLANG_WARN_UNGUARDED_AVAILABILITY = YES_AGGRESSIVE;
				CLANG_WARN_UNREACHABLE_CODE = YES;
				CLANG_WARN__DUPLICATE_METHOD_MATCH = YES;
				COPY_PHASE_STRIP = NO;
				DEBUG_INFORMATION_FORMAT = "dwarf-with-dsym";
				ENABLE_NS_ASSERTIONS = NO;
				ENABLE_STRICT_OBJC_MSGSEND = YES;
				GCC_C_LANGUAGE_STANDARD = gnu11;
				GCC_NO_COMMON_BLOCKS = YES;
				GCC_WARN_64_TO_32_BIT_CONVERSION = YES;
				GCC_WARN_ABOUT_RETURN_TYPE = YES_ERROR;
				GCC_WARN_UNDECLARED_SELECTOR = YES;
				GCC_WARN_UNINITIALIZED_AUTOS = YES_AGGRESSIVE;
				GCC_WARN_UNUSED_FUNCTION = YES;
				GCC_WARN_UNUSED_VARIABLE = YES;
				IPHONEOS_DEPLOYMENT_TARGET = 13.2;
				MTL_ENABLE_DEBUG_INFO = NO;
				MTL_FAST_MATH = YES;
				SDKROOT = iphoneos;
				SWIFT_COMPILATION_MODE = wholemodule;
				SWIFT_OPTIMIZATION_LEVEL = "-O";
				VALIDATE_PRODUCT = YES;
			};
			name = Release;
		};
		C0532C5123F705FE002D59A3 /* Debug */ = {
			isa = XCBuildConfiguration;
			baseConfigurationReference = AB29183209FEFD7F37D2413D /* Pods-ioasys-challenge.debug.xcconfig */;
			buildSettings = {
				ASSETCATALOG_COMPILER_APPICON_NAME = AppIcon;
				CODE_SIGN_STYLE = Automatic;
				DEVELOPMENT_TEAM = D2J564QJA4;
				INFOPLIST_FILE = "ioasys-challenge/Info.plist";
				LD_RUNPATH_SEARCH_PATHS = (
					"$(inherited)",
					"@executable_path/Frameworks",
				);
				PRODUCT_BUNDLE_IDENTIFIER = "gabrielrodrigues.ioasys-challenge";
				PRODUCT_NAME = "$(TARGET_NAME)";
				SWIFT_VERSION = 5.0;
				TARGETED_DEVICE_FAMILY = "1,2";
			};
			name = Debug;
		};
		C0532C5223F705FE002D59A3 /* Release */ = {
			isa = XCBuildConfiguration;
			baseConfigurationReference = 5A65CA9FF6022104D6EE11F7 /* Pods-ioasys-challenge.release.xcconfig */;
			buildSettings = {
				ASSETCATALOG_COMPILER_APPICON_NAME = AppIcon;
				CODE_SIGN_STYLE = Automatic;
				DEVELOPMENT_TEAM = D2J564QJA4;
				INFOPLIST_FILE = "ioasys-challenge/Info.plist";
				LD_RUNPATH_SEARCH_PATHS = (
					"$(inherited)",
					"@executable_path/Frameworks",
				);
				PRODUCT_BUNDLE_IDENTIFIER = "gabrielrodrigues.ioasys-challenge";
				PRODUCT_NAME = "$(TARGET_NAME)";
				SWIFT_VERSION = 5.0;
				TARGETED_DEVICE_FAMILY = "1,2";
			};
			name = Release;
		};
		C0532C5423F705FE002D59A3 /* Debug */ = {
			isa = XCBuildConfiguration;
			baseConfigurationReference = D897469708DC0988330FEE3A /* Pods-ioasys-challengeTests.debug.xcconfig */;
			buildSettings = {
				ALWAYS_EMBED_SWIFT_STANDARD_LIBRARIES = YES;
				BUNDLE_LOADER = "$(TEST_HOST)";
				CODE_SIGN_STYLE = Automatic;
				DEVELOPMENT_TEAM = D2J564QJA4;
				INFOPLIST_FILE = "ioasys-challengeTests/Info.plist";
				IPHONEOS_DEPLOYMENT_TARGET = 13.2;
				LD_RUNPATH_SEARCH_PATHS = (
					"$(inherited)",
					"@executable_path/Frameworks",
					"@loader_path/Frameworks",
				);
				PRODUCT_BUNDLE_IDENTIFIER = "gabrielrodrigues.ioasys-challengeTests";
				PRODUCT_NAME = "$(TARGET_NAME)";
				SWIFT_VERSION = 5.0;
				TARGETED_DEVICE_FAMILY = "1,2";
				TEST_HOST = "$(BUILT_PRODUCTS_DIR)/ioasys-challenge.app/ioasys-challenge";
			};
			name = Debug;
		};
		C0532C5523F705FE002D59A3 /* Release */ = {
			isa = XCBuildConfiguration;
			baseConfigurationReference = D8C6E78E2FC5ADFBE3C6265A /* Pods-ioasys-challengeTests.release.xcconfig */;
			buildSettings = {
				ALWAYS_EMBED_SWIFT_STANDARD_LIBRARIES = YES;
				BUNDLE_LOADER = "$(TEST_HOST)";
				CODE_SIGN_STYLE = Automatic;
				DEVELOPMENT_TEAM = D2J564QJA4;
				INFOPLIST_FILE = "ioasys-challengeTests/Info.plist";
				IPHONEOS_DEPLOYMENT_TARGET = 13.2;
				LD_RUNPATH_SEARCH_PATHS = (
					"$(inherited)",
					"@executable_path/Frameworks",
					"@loader_path/Frameworks",
				);
				PRODUCT_BUNDLE_IDENTIFIER = "gabrielrodrigues.ioasys-challengeTests";
				PRODUCT_NAME = "$(TARGET_NAME)";
				SWIFT_VERSION = 5.0;
				TARGETED_DEVICE_FAMILY = "1,2";
				TEST_HOST = "$(BUILT_PRODUCTS_DIR)/ioasys-challenge.app/ioasys-challenge";
			};
			name = Release;
		};
		C0532C5723F705FE002D59A3 /* Debug */ = {
			isa = XCBuildConfiguration;
			baseConfigurationReference = 2CF81EBD6ACA1881175230DA /* Pods-ioasys-challengeUITests.debug.xcconfig */;
			buildSettings = {
				ALWAYS_EMBED_SWIFT_STANDARD_LIBRARIES = YES;
				CODE_SIGN_STYLE = Automatic;
				DEVELOPMENT_TEAM = D2J564QJA4;
				INFOPLIST_FILE = "ioasys-challengeUITests/Info.plist";
				LD_RUNPATH_SEARCH_PATHS = (
					"$(inherited)",
					"@executable_path/Frameworks",
					"@loader_path/Frameworks",
				);
				PRODUCT_BUNDLE_IDENTIFIER = "gabrielrodrigues.ioasys-challengeUITests";
				PRODUCT_NAME = "$(TARGET_NAME)";
				SWIFT_VERSION = 5.0;
				TARGETED_DEVICE_FAMILY = "1,2";
				TEST_TARGET_NAME = "ioasys-challenge";
			};
			name = Debug;
		};
		C0532C5823F705FE002D59A3 /* Release */ = {
			isa = XCBuildConfiguration;
			baseConfigurationReference = 383C1052CE99D9F25925614E /* Pods-ioasys-challengeUITests.release.xcconfig */;
			buildSettings = {
				ALWAYS_EMBED_SWIFT_STANDARD_LIBRARIES = YES;
				CODE_SIGN_STYLE = Automatic;
				DEVELOPMENT_TEAM = D2J564QJA4;
				INFOPLIST_FILE = "ioasys-challengeUITests/Info.plist";
				LD_RUNPATH_SEARCH_PATHS = (
					"$(inherited)",
					"@executable_path/Frameworks",
					"@loader_path/Frameworks",
				);
				PRODUCT_BUNDLE_IDENTIFIER = "gabrielrodrigues.ioasys-challengeUITests";
				PRODUCT_NAME = "$(TARGET_NAME)";
				SWIFT_VERSION = 5.0;
				TARGETED_DEVICE_FAMILY = "1,2";
				TEST_TARGET_NAME = "ioasys-challenge";
			};
			name = Release;
		};
/* End XCBuildConfiguration section */

/* Begin XCConfigurationList section */
		C0532C2123F705FA002D59A3 /* Build configuration list for PBXProject "ioasys-challenge" */ = {
			isa = XCConfigurationList;
			buildConfigurations = (
				C0532C4E23F705FE002D59A3 /* Debug */,
				C0532C4F23F705FE002D59A3 /* Release */,
			);
			defaultConfigurationIsVisible = 0;
			defaultConfigurationName = Release;
		};
		C0532C5023F705FE002D59A3 /* Build configuration list for PBXNativeTarget "ioasys-challenge" */ = {
			isa = XCConfigurationList;
			buildConfigurations = (
				C0532C5123F705FE002D59A3 /* Debug */,
				C0532C5223F705FE002D59A3 /* Release */,
			);
			defaultConfigurationIsVisible = 0;
			defaultConfigurationName = Release;
		};
		C0532C5323F705FE002D59A3 /* Build configuration list for PBXNativeTarget "ioasys-challengeTests" */ = {
			isa = XCConfigurationList;
			buildConfigurations = (
				C0532C5423F705FE002D59A3 /* Debug */,
				C0532C5523F705FE002D59A3 /* Release */,
			);
			defaultConfigurationIsVisible = 0;
			defaultConfigurationName = Release;
		};
		C0532C5623F705FE002D59A3 /* Build configuration list for PBXNativeTarget "ioasys-challengeUITests" */ = {
			isa = XCConfigurationList;
			buildConfigurations = (
				C0532C5723F705FE002D59A3 /* Debug */,
				C0532C5823F705FE002D59A3 /* Release */,
			);
			defaultConfigurationIsVisible = 0;
			defaultConfigurationName = Release;
		};
/* End XCConfigurationList section */
	};
	rootObject = C0532C1E23F705FA002D59A3 /* Project object */;
}
